
Microsoft Visual Studio Solution File, Format Version 12.00
Project("{FAE04EC0-301F-11D3-BF4B-00C04F79EFBC}") = "Day01", "Day01\Day01.csproj", "{90ED88F1-2F1D-4CC6-B8E2-F352B2FF994D}"
EndProject
Project("{FAE04EC0-301F-11D3-BF4B-00C04F79EFBC}") = "Day02", "Day02\Day02.csproj", "{F695C1CF-923D-4539-A5B2-EFB6FA6F3B03}"
EndProject
Project("{FAE04EC0-301F-11D3-BF4B-00C04F79EFBC}") = "Day03", "Day03\Day03.csproj", "{5FE366A7-F71D-4C64-885C-311F2FAAE2C4}"
EndProject
Project("{FAE04EC0-301F-11D3-BF4B-00C04F79EFBC}") = "Day04", "Day04\Day04.csproj", "{96551392-B7F1-4DCA-9F54-445799B16C31}"
EndProject
Project("{FAE04EC0-301F-11D3-BF4B-00C04F79EFBC}") = "Day05", "Day05\Day05.csproj", "{019889AD-09AE-4624-AB7C-103EF21E41CB}"
EndProject
Project("{FAE04EC0-301F-11D3-BF4B-00C04F79EFBC}") = "Day06", "Day06\Day06.csproj", "{2380C321-B5A4-42D8-9D87-D6542BAAF1A2}"
EndProject
Project("{FAE04EC0-301F-11D3-BF4B-00C04F79EFBC}") = "Day07", "Day07\Day07.csproj", "{1C155C09-23E0-48E9-AEA1-AA6AED9F9C10}"
EndProject
Project("{FAE04EC0-301F-11D3-BF4B-00C04F79EFBC}") = "Day08", "Day08\Day08.csproj", "{C7643077-90F4-4C35-B813-A35C98F5C2B5}"
EndProject
Project("{FAE04EC0-301F-11D3-BF4B-00C04F79EFBC}") = "Day09", "Day09\Day09.csproj", "{06CF0C61-782F-48BC-B51D-8DCA2FE12865}"
EndProject
Global
	GlobalSection(SolutionConfigurationPlatforms) = preSolution
		Debug|Any CPU = Debug|Any CPU
		Release|Any CPU = Release|Any CPU
	EndGlobalSection
	GlobalSection(ProjectConfigurationPlatforms) = postSolution
		{90ED88F1-2F1D-4CC6-B8E2-F352B2FF994D}.Debug|Any CPU.ActiveCfg = Debug|Any CPU
		{90ED88F1-2F1D-4CC6-B8E2-F352B2FF994D}.Debug|Any CPU.Build.0 = Debug|Any CPU
		{90ED88F1-2F1D-4CC6-B8E2-F352B2FF994D}.Release|Any CPU.ActiveCfg = Release|Any CPU
		{90ED88F1-2F1D-4CC6-B8E2-F352B2FF994D}.Release|Any CPU.Build.0 = Release|Any CPU
		{F695C1CF-923D-4539-A5B2-EFB6FA6F3B03}.Debug|Any CPU.ActiveCfg = Debug|Any CPU
		{F695C1CF-923D-4539-A5B2-EFB6FA6F3B03}.Debug|Any CPU.Build.0 = Debug|Any CPU
		{F695C1CF-923D-4539-A5B2-EFB6FA6F3B03}.Release|Any CPU.ActiveCfg = Release|Any CPU
		{F695C1CF-923D-4539-A5B2-EFB6FA6F3B03}.Release|Any CPU.Build.0 = Release|Any CPU
		{5FE366A7-F71D-4C64-885C-311F2FAAE2C4}.Debug|Any CPU.ActiveCfg = Debug|Any CPU
		{5FE366A7-F71D-4C64-885C-311F2FAAE2C4}.Debug|Any CPU.Build.0 = Debug|Any CPU
		{5FE366A7-F71D-4C64-885C-311F2FAAE2C4}.Release|Any CPU.ActiveCfg = Release|Any CPU
		{5FE366A7-F71D-4C64-885C-311F2FAAE2C4}.Release|Any CPU.Build.0 = Release|Any CPU
		{96551392-B7F1-4DCA-9F54-445799B16C31}.Debug|Any CPU.ActiveCfg = Debug|Any CPU
		{96551392-B7F1-4DCA-9F54-445799B16C31}.Debug|Any CPU.Build.0 = Debug|Any CPU
		{96551392-B7F1-4DCA-9F54-445799B16C31}.Release|Any CPU.ActiveCfg = Release|Any CPU
		{96551392-B7F1-4DCA-9F54-445799B16C31}.Release|Any CPU.Build.0 = Release|Any CPU
		{019889AD-09AE-4624-AB7C-103EF21E41CB}.Debug|Any CPU.ActiveCfg = Debug|Any CPU
		{019889AD-09AE-4624-AB7C-103EF21E41CB}.Debug|Any CPU.Build.0 = Debug|Any CPU
		{019889AD-09AE-4624-AB7C-103EF21E41CB}.Release|Any CPU.ActiveCfg = Release|Any CPU
		{019889AD-09AE-4624-AB7C-103EF21E41CB}.Release|Any CPU.Build.0 = Release|Any CPU
		{2380C321-B5A4-42D8-9D87-D6542BAAF1A2}.Debug|Any CPU.ActiveCfg = Debug|Any CPU
		{2380C321-B5A4-42D8-9D87-D6542BAAF1A2}.Debug|Any CPU.Build.0 = Debug|Any CPU
		{2380C321-B5A4-42D8-9D87-D6542BAAF1A2}.Release|Any CPU.ActiveCfg = Release|Any CPU
		{2380C321-B5A4-42D8-9D87-D6542BAAF1A2}.Release|Any CPU.Build.0 = Release|Any CPU
		{1C155C09-23E0-48E9-AEA1-AA6AED9F9C10}.Debug|Any CPU.ActiveCfg = Debug|Any CPU
		{1C155C09-23E0-48E9-AEA1-AA6AED9F9C10}.Debug|Any CPU.Build.0 = Debug|Any CPU
		{1C155C09-23E0-48E9-AEA1-AA6AED9F9C10}.Release|Any CPU.ActiveCfg = Release|Any CPU
		{1C155C09-23E0-48E9-AEA1-AA6AED9F9C10}.Release|Any CPU.Build.0 = Release|Any CPU
		{C7643077-90F4-4C35-B813-A35C98F5C2B5}.Debug|Any CPU.ActiveCfg = Debug|Any CPU
		{C7643077-90F4-4C35-B813-A35C98F5C2B5}.Debug|Any CPU.Build.0 = Debug|Any CPU
		{C7643077-90F4-4C35-B813-A35C98F5C2B5}.Release|Any CPU.ActiveCfg = Release|Any CPU
		{C7643077-90F4-4C35-B813-A35C98F5C2B5}.Release|Any CPU.Build.0 = Release|Any CPU
		{06CF0C61-782F-48BC-B51D-8DCA2FE12865}.Debug|Any CPU.ActiveCfg = Debug|Any CPU
		{06CF0C61-782F-48BC-B51D-8DCA2FE12865}.Debug|Any CPU.Build.0 = Debug|Any CPU
		{06CF0C61-782F-48BC-B51D-8DCA2FE12865}.Release|Any CPU.ActiveCfg = Release|Any CPU
		{06CF0C61-782F-48BC-B51D-8DCA2FE12865}.Release|Any CPU.Build.0 = Release|Any CPU
	EndGlobalSection
EndGlobal
